
Microsoft Visual Studio Solution File, Format Version 12.00
# Visual Studio Version 17
VisualStudioVersion = 17.14.36603.0 d17.14
MinimumVisualStudioVersion = 10.0.40219.1
Project("{FAE04EC0-301F-11D3-BF4B-00C04F79EFBC}") = "final", "final\final.csproj", "{530E4260-C872-4AFF-A01D-0B7321EF972D}"
EndProject
Global
	GlobalSection(SolutionConfigurationPlatforms) = preSolution
		Debug|Any CPU = Debug|Any CPU
		Release|Any CPU = Release|Any CPU
	EndGlobalSection
	GlobalSection(ProjectConfigurationPlatforms) = postSolution
		{530E4260-C872-4AFF-A01D-0B7321EF972D}.Debug|Any CPU.ActiveCfg = Debug|Any CPU
		{530E4260-C872-4AFF-A01D-0B7321EF972D}.Debug|Any CPU.Build.0 = Debug|Any CPU
		{530E4260-C872-4AFF-A01D-0B7321EF972D}.Release|Any CPU.ActiveCfg = Release|Any CPU
		{530E4260-C872-4AFF-A01D-0B7321EF972D}.Release|Any CPU.Build.0 = Release|Any CPU
	EndGlobalSection
	GlobalSection(SolutionProperties) = preSolution
		HideSolutionNode = FALSE
	EndGlobalSection
	GlobalSection(ExtensibilityGlobals) = postSolution
		SolutionGuid = {04046058-B96A-4EBC-ABD8-B416F52A2406}
	EndGlobalSection
EndGlobal
